
Microsoft Visual Studio Solution File, Format Version 12.00
# Visual Studio 15
VisualStudioVersion = 15.0.26730.3
MinimumVisualStudioVersion = 10.0.40219.1
Project("{8BC9CEB8-8B4A-11D0-8D11-00A0C91BC942}") = "min_element in bst", "min_element in bst\min_element in bst.vcxproj", "{7BD0200A-6E5E-4C16-A893-FC0DB6683F23}"
EndProject
Global
	GlobalSection(SolutionConfigurationPlatforms) = preSolution
		Debug|x64 = Debug|x64
		Debug|x86 = Debug|x86
		Release|x64 = Release|x64
		Release|x86 = Release|x86
	EndGlobalSection
	GlobalSection(ProjectConfigurationPlatforms) = postSolution
		{7BD0200A-6E5E-4C16-A893-FC0DB6683F23}.Debug|x64.ActiveCfg = Debug|x64
		{7BD0200A-6E5E-4C16-A893-FC0DB6683F23}.Debug|x64.Build.0 = Debug|x64
		{7BD0200A-6E5E-4C16-A893-FC0DB6683F23}.Debug|x86.ActiveCfg = Debug|Win32
		{7BD0200A-6E5E-4C16-A893-FC0DB6683F23}.Debug|x86.Build.0 = Debug|Win32
		{7BD0200A-6E5E-4C16-A893-FC0DB6683F23}.Release|x64.ActiveCfg = Release|x64
		{7BD0200A-6E5E-4C16-A893-FC0DB6683F23}.Release|x64.Build.0 = Release|x64
		{7BD0200A-6E5E-4C16-A893-FC0DB6683F23}.Release|x86.ActiveCfg = Release|Win32
		{7BD0200A-6E5E-4C16-A893-FC0DB6683F23}.Release|x86.Build.0 = Release|Win32
	EndGlobalSection
	GlobalSection(SolutionProperties) = preSolution
		HideSolutionNode = FALSE
	EndGlobalSection
	GlobalSection(ExtensibilityGlobals) = postSolution
		SolutionGuid = {447DF64C-75B3-40E0-BE6C-D20FFFE020AA}
	EndGlobalSection
EndGlobal
