
Microsoft Visual Studio Solution File, Format Version 12.00
# Visual Studio 15
VisualStudioVersion = 15.0.26730.3
MinimumVisualStudioVersion = 10.0.40219.1
Project("{8BC9CEB8-8B4A-11D0-8D11-00A0C91BC942}") = "shoretestPath", "shoretestPath\shoretestPath.vcxproj", "{CFBCC522-FD53-491C-A5C0-CA4118776C28}"
EndProject
Global
	GlobalSection(SolutionConfigurationPlatforms) = preSolution
		Debug|x64 = Debug|x64
		Debug|x86 = Debug|x86
		Release|x64 = Release|x64
		Release|x86 = Release|x86
	EndGlobalSection
	GlobalSection(ProjectConfigurationPlatforms) = postSolution
		{CFBCC522-FD53-491C-A5C0-CA4118776C28}.Debug|x64.ActiveCfg = Debug|x64
		{CFBCC522-FD53-491C-A5C0-CA4118776C28}.Debug|x64.Build.0 = Debug|x64
		{CFBCC522-FD53-491C-A5C0-CA4118776C28}.Debug|x86.ActiveCfg = Debug|Win32
		{CFBCC522-FD53-491C-A5C0-CA4118776C28}.Debug|x86.Build.0 = Debug|Win32
		{CFBCC522-FD53-491C-A5C0-CA4118776C28}.Release|x64.ActiveCfg = Release|x64
		{CFBCC522-FD53-491C-A5C0-CA4118776C28}.Release|x64.Build.0 = Release|x64
		{CFBCC522-FD53-491C-A5C0-CA4118776C28}.Release|x86.ActiveCfg = Release|Win32
		{CFBCC522-FD53-491C-A5C0-CA4118776C28}.Release|x86.Build.0 = Release|Win32
	EndGlobalSection
	GlobalSection(SolutionProperties) = preSolution
		HideSolutionNode = FALSE
	EndGlobalSection
	GlobalSection(ExtensibilityGlobals) = postSolution
		SolutionGuid = {D54027F7-D7C1-425B-AE70-358A6396C10B}
	EndGlobalSection
EndGlobal
