
Microsoft Visual Studio Solution File, Format Version 12.00
# Visual Studio 15
VisualStudioVersion = 15.0.26730.3
MinimumVisualStudioVersion = 10.0.40219.1
Project("{888888A0-9F3D-457C-B088-3A5042F75D52}") = "bellmanFord(SPT)", "bellmanFord(SPT)\bellmanFord(SPT).pyproj", "{22D5D2A1-95A5-40F8-A9EA-17A5696999C1}"
EndProject
Global
	GlobalSection(SolutionConfigurationPlatforms) = preSolution
		Debug|Any CPU = Debug|Any CPU
		Release|Any CPU = Release|Any CPU
	EndGlobalSection
	GlobalSection(ProjectConfigurationPlatforms) = postSolution
		{22D5D2A1-95A5-40F8-A9EA-17A5696999C1}.Debug|Any CPU.ActiveCfg = Debug|Any CPU
		{22D5D2A1-95A5-40F8-A9EA-17A5696999C1}.Release|Any CPU.ActiveCfg = Release|Any CPU
	EndGlobalSection
	GlobalSection(SolutionProperties) = preSolution
		HideSolutionNode = FALSE
	EndGlobalSection
	GlobalSection(ExtensibilityGlobals) = postSolution
		SolutionGuid = {4AF21831-0D18-49CC-9552-E671EC7EFEEA}
	EndGlobalSection
EndGlobal
